UPSTREAM_REPOSITORY=https://github.com/lluiseriksson/THE-ERIKSSON-PROGRAMME
UPSTREAM_COMMIT=4e45246aa109671d25fcd01ba1abf7bc3f8506d1
UPSTREAM_COMMIT_MESSAGE=feat(RG): characterize flat harmonic kernel
LEAN_TOOLCHAIN=leanprover/lean4:v4.29.0-rc6
MATHLIB_COMMIT=07642720480157414db592fa85b626dafb71355b
ROOTED_LEAF_FILE=YangMills/KP/RootedLeafSummation.lean
APPENDIX_F_LEAF_FILE=YangMills/RG/AppendixFSecondUrsellLeafSummation.lean
ELAN_INSTALLER_COMMIT=b6cec7e10fe4965a605aaf60d1cb4a5837f0462b
ELAN_INSTALLER_BLOB_SHA=ab8c346be2d665b2c77a6eba0dc2338c43413a9c
ROOTED_LEAF_BLOB_SHA=1415686403c26536da8736a9021237773c7467dc
APPENDIX_F_LEAF_BLOB_SHA=0307d11b95d4385d4ea39067290e7eec929cd7f6
