UPSTREAM_REPOSITORY=https://github.com/lluiseriksson/THE-ERIKSSON-PROGRAMME
UPSTREAM_COMMIT=83d18a113e3fa22ada23b13361fb84015a1c80ed
UPSTREAM_COMMIT_MESSAGE=feat(RG): assemble gauge-fixed covariance
LEAN_TOOLCHAIN=leanprover/lean4:v4.29.0-rc6
MATHLIB_COMMIT=07642720480157414db592fa85b626dafb71355b
ROOTED_LEAF_FILE=YangMills/KP/RootedLeafSummation.lean
ROOTED_LEAF_BLOB=1415686403c26536da8736a9021237773c7467dc
APPENDIX_F_LEAF_FILE=YangMills/RG/AppendixFSecondUrsellLeafSummation.lean
APPENDIX_F_LEAF_BLOB=0307d11b95d4385d4ea39067290e7eec929cd7f6
